
Microsoft Visual Studio Solution File, Format Version 12.00
# Visual Studio 15
VisualStudioVersion = 15.0.28307.572
MinimumVisualStudioVersion = 10.0.40219.1
Project("{9A19103F-16F7-4668-BE54-9A1E7A4F7556}") = "Presentation.WebApi", "TextAnalyser\Presentation.WebApi.csproj", "{63ACA26E-6B77-4E1B-A1D2-5FBFE3A2ADFE}"
EndProject
Project("{9A19103F-16F7-4668-BE54-9A1E7A4F7556}") = "Domain.Model", "TextAnalyser.Domain\Domain.Model.csproj", "{5B6EF8E1-5B08-4D94-8016-A9FDEF98A90D}"
EndProject
Project("{9A19103F-16F7-4668-BE54-9A1E7A4F7556}") = "Application.Dto", "TextAnalyser.Dto\Application.Dto.csproj", "{FCDA019D-AA47-44DF-AD9F-903DEB01D476}"
EndProject
Project("{9A19103F-16F7-4668-BE54-9A1E7A4F7556}") = "Application.Services", "TextAnalyser.Application.Services\Application.Services.csproj", "{40D1ED04-69B8-4C77-A302-4AF0632F1E54}"
EndProject
Project("{2150E333-8FDC-42A3-9474-1A3956D46DE8}") = "1.1 Presentation", "1.1 Presentation", "{A1D3ED45-06D9-4434-B0A6-09F51566B45C}"
EndProject
Project("{2150E333-8FDC-42A3-9474-1A3956D46DE8}") = "1.2 Application", "1.2 Application", "{54C2A06E-A3D7-4766-AA4D-E12301CB6D9A}"
EndProject
Project("{2150E333-8FDC-42A3-9474-1A3956D46DE8}") = "1.3 Domain", "1.3 Domain", "{04AEC162-55BC-4B89-9CDA-C417A215156A}"
EndProject
Project("{FAE04EC0-301F-11D3-BF4B-00C04F79EFBC}") = "Domain.Services", "Domain.Services\Domain.Services.csproj", "{0467F4A0-034C-4AF3-A5DD-313205451104}"
EndProject
Global
	GlobalSection(SolutionConfigurationPlatforms) = preSolution
		Debug|Any CPU = Debug|Any CPU
		Release|Any CPU = Release|Any CPU
	EndGlobalSection
	GlobalSection(ProjectConfigurationPlatforms) = postSolution
		{63ACA26E-6B77-4E1B-A1D2-5FBFE3A2ADFE}.Debug|Any CPU.ActiveCfg = Debug|Any CPU
		{63ACA26E-6B77-4E1B-A1D2-5FBFE3A2ADFE}.Debug|Any CPU.Build.0 = Debug|Any CPU
		{63ACA26E-6B77-4E1B-A1D2-5FBFE3A2ADFE}.Release|Any CPU.ActiveCfg = Release|Any CPU
		{63ACA26E-6B77-4E1B-A1D2-5FBFE3A2ADFE}.Release|Any CPU.Build.0 = Release|Any CPU
		{5B6EF8E1-5B08-4D94-8016-A9FDEF98A90D}.Debug|Any CPU.ActiveCfg = Debug|Any CPU
		{5B6EF8E1-5B08-4D94-8016-A9FDEF98A90D}.Debug|Any CPU.Build.0 = Debug|Any CPU
		{5B6EF8E1-5B08-4D94-8016-A9FDEF98A90D}.Release|Any CPU.ActiveCfg = Release|Any CPU
		{5B6EF8E1-5B08-4D94-8016-A9FDEF98A90D}.Release|Any CPU.Build.0 = Release|Any CPU
		{FCDA019D-AA47-44DF-AD9F-903DEB01D476}.Debug|Any CPU.ActiveCfg = Debug|Any CPU
		{FCDA019D-AA47-44DF-AD9F-903DEB01D476}.Debug|Any CPU.Build.0 = Debug|Any CPU
		{FCDA019D-AA47-44DF-AD9F-903DEB01D476}.Release|Any CPU.ActiveCfg = Release|Any CPU
		{FCDA019D-AA47-44DF-AD9F-903DEB01D476}.Release|Any CPU.Build.0 = Release|Any CPU
		{40D1ED04-69B8-4C77-A302-4AF0632F1E54}.Debug|Any CPU.ActiveCfg = Debug|Any CPU
		{40D1ED04-69B8-4C77-A302-4AF0632F1E54}.Debug|Any CPU.Build.0 = Debug|Any CPU
		{40D1ED04-69B8-4C77-A302-4AF0632F1E54}.Release|Any CPU.ActiveCfg = Release|Any CPU
		{40D1ED04-69B8-4C77-A302-4AF0632F1E54}.Release|Any CPU.Build.0 = Release|Any CPU
		{0467F4A0-034C-4AF3-A5DD-313205451104}.Debug|Any CPU.ActiveCfg = Debug|Any CPU
		{0467F4A0-034C-4AF3-A5DD-313205451104}.Debug|Any CPU.Build.0 = Debug|Any CPU
		{0467F4A0-034C-4AF3-A5DD-313205451104}.Release|Any CPU.ActiveCfg = Release|Any CPU
		{0467F4A0-034C-4AF3-A5DD-313205451104}.Release|Any CPU.Build.0 = Release|Any CPU
	EndGlobalSection
	GlobalSection(SolutionProperties) = preSolution
		HideSolutionNode = FALSE
	EndGlobalSection
	GlobalSection(NestedProjects) = preSolution
		{63ACA26E-6B77-4E1B-A1D2-5FBFE3A2ADFE} = {A1D3ED45-06D9-4434-B0A6-09F51566B45C}
		{5B6EF8E1-5B08-4D94-8016-A9FDEF98A90D} = {04AEC162-55BC-4B89-9CDA-C417A215156A}
		{FCDA019D-AA47-44DF-AD9F-903DEB01D476} = {54C2A06E-A3D7-4766-AA4D-E12301CB6D9A}
		{40D1ED04-69B8-4C77-A302-4AF0632F1E54} = {54C2A06E-A3D7-4766-AA4D-E12301CB6D9A}
		{0467F4A0-034C-4AF3-A5DD-313205451104} = {04AEC162-55BC-4B89-9CDA-C417A215156A}
	EndGlobalSection
	GlobalSection(ExtensibilityGlobals) = postSolution
		SolutionGuid = {B47D0A94-59C8-4054-977E-EE4AE7B8730B}
	EndGlobalSection
EndGlobal
